// !$*UTF8*$!
{
	archiveVersion = 1;
	classes = {
	};
	objectVersion = 50;
	objects = {

/* Begin PBXBuildFile section */
		76A0BDEF221BEB7C00D340A4 /* AppDelegate.swift in Sources */ = {isa = PBXBuildFile; fileRef = 76A0BDEE221BEB7C00D340A4 /* AppDelegate.swift */; };
		76A0BDF1221BEB7C00D340A4 /* ViewController.swift in Sources */ = {isa = PBXBuildFile; fileRef = 76A0BDF0221BEB7C00D340A4 /* ViewController.swift */; };
		76A0BDF4221BEB7C00D340A4 /* Main.storyboard in Resources */ = {isa = PBXBuildFile; fileRef = 76A0BDF2221BEB7C00D340A4 /* Main.storyboard */; };
		76A0BDF6221BEB8300D340A4 /* Assets.xcassets in Resources */ = {isa = PBXBuildFile; fileRef = 76A0BDF5221BEB8300D340A4 /* Assets.xcassets */; };
		76A0BDF9221BEB8400D340A4 /* LaunchScreen.storyboard in Resources */ = {isa = PBXBuildFile; fileRef = 76A0BDF7221BEB8400D340A4 /* LaunchScreen.storyboard */; };
		76A0BE04221BEB8400D340A4 /* WhatIsTheWeatherTests.swift in Sources */ = {isa = PBXBuildFile; fileRef = 76A0BE03221BEB8400D340A4 /* WhatIsTheWeatherTests.swift */; };
		76A0BE0F221BEB8400D340A4 /* WhatIsTheWeatherUITests.swift in Sources */ = {isa = PBXBuildFile; fileRef = 76A0BE0E221BEB8400D340A4 /* WhatIsTheWeatherUITests.swift */; };
/* End PBXBuildFile section */

/* Begin PBXContainerItemProxy section */
		76A0BE00221BEB8400D340A4 /* PBXContainerItemProxy */ = {
			isa = PBXContainerItemProxy;
			containerPortal = 76A0BDE3221BEB7C00D340A4 /* Project object */;
			proxyType = 1;
			remoteGlobalIDString = 76A0BDEA221BEB7C00D340A4;
			remoteInfo = WhatIsTheWeather;
		};
		76A0BE0B221BEB8400D340A4 /* PBXContainerItemProxy */ = {
			isa = PBXContainerItemProxy;
			containerPortal = 76A0BDE3221BEB7C00D340A4 /* Project object */;
			proxyType = 1;
			remoteGlobalIDString = 76A0BDEA221BEB7C00D340A4;
			remoteInfo = WhatIsTheWeather;
		};
/* End PBXContainerItemProxy section */

/* Begin PBXFileReference section */
		76A0BDEB221BEB7C00D340A4 /* WhatIsTheWeather.app */ = {isa = PBXFileReference; explicitFileType = wrapper.application; includeInIndex = 0; path = WhatIsTheWeather.app; sourceTree = BUILT_PRODUCTS_DIR; };
		76A0BDEE221BEB7C00D340A4 /* AppDelegate.swift */ = {isa = PBXFileReference; lastKnownFileType = sourcecode.swift; path = AppDelegate.swift; sourceTree = "<group>"; };
		76A0BDF0221BEB7C00D340A4 /* ViewController.swift */ = {isa = PBXFileReference; lastKnownFileType = sourcecode.swift; path = ViewController.swift; sourceTree = "<group>"; };
		76A0BDF3221BEB7C00D340A4 /* Base */ = {isa = PBXFileReference; lastKnownFileType = file.storyboard; name = Base; path = Base.lproj/Main.storyboard; sourceTree = "<group>"; };
		76A0BDF5221BEB8300D340A4 /* Assets.xcassets */ = {isa = PBXFileReference; lastKnownFileType = folder.assetcatalog; path = Assets.xcassets; sourceTree = "<group>"; };
		76A0BDF8221BEB8400D340A4 /* Base */ = {isa = PBXFileReference; lastKnownFileType = file.storyboard; name = Base; path = Base.lproj/LaunchScreen.storyboard; sourceTree = "<group>"; };
		76A0BDFA221BEB8400D340A4 /* Info.plist */ = {isa = PBXFileReference; lastKnownFileType = text.plist.xml; path = Info.plist; sourceTree = "<group>"; };
		76A0BDFF221BEB8400D340A4 /* WhatIsTheWeatherTests.xctest */ = {isa = PBXFileReference; explicitFileType = wrapper.cfbundle; includeInIndex = 0; path = WhatIsTheWeatherTests.xctest; sourceTree = BUILT_PRODUCTS_DIR; };
		76A0BE03221BEB8400D340A4 /* WhatIsTheWeatherTests.swift */ = {isa = PBXFileReference; lastKnownFileType = sourcecode.swift; path = WhatIsTheWeatherTests.swift; sourceTree = "<group>"; };
		76A0BE05221BEB8400D340A4 /* Info.plist */ = {isa = PBXFileReference; lastKnownFileType = text.plist.xml; path = Info.plist; sourceTree = "<group>"; };
		76A0BE0A221BEB8400D340A4 /* WhatIsTheWeatherUITests.xctest */ = {isa = PBXFileReference; explicitFileType = wrapper.cfbundle; includeInIndex = 0; path = WhatIsTheWeatherUITests.xctest; sourceTree = BUILT_PRODUCTS_DIR; };
		76A0BE0E221BEB8400D340A4 /* WhatIsTheWeatherUITests.swift */ = {isa = PBXFileReference; lastKnownFileType = sourcecode.swift; path = WhatIsTheWeatherUITests.swift; sourceTree = "<group>"; };
		76A0BE10221BEB8400D340A4 /* Info.plist */ = {isa = PBXFileReference; lastKnownFileType = text.plist.xml; path = Info.plist; sourceTree = "<group>"; };
/* End PBXFileReference section */

/* Begin PBXFrameworksBuildPhase section */
		76A0BDE8221BEB7C00D340A4 /* Frameworks */ = {
			isa = PBXFrameworksBuildPhase;
			buildActionMask = 2147483647;
			files = (
			);
			runOnlyForDeploymentPostprocessing = 0;
		};
		76A0BDFC221BEB8400D340A4 /* Frameworks */ = {
			isa = PBXFrameworksBuildPhase;
			buildActionMask = 2147483647;
			files = (
			);
			runOnlyForDeploymentPostprocessing = 0;
		};
		76A0BE07221BEB8400D340A4 /* Frameworks */ = {
			isa = PBXFrameworksBuildPhase;
			buildActionMask = 2147483647;
			files = (
			);
			runOnlyForDeploymentPostprocessing = 0;
		};
/* End PBXFrameworksBuildPhase section */

/* Begin PBXGroup section */
		76A0BDE2221BEB7C00D340A4 = {
			isa = PBXGroup;
			children = (
				76A0BDED221BEB7C00D340A4 /* WhatIsTheWeather */,
				76A0BE02221BEB8400D340A4 /* WhatIsTheWeatherTests */,
				76A0BE0D221BEB8400D340A4 /* WhatIsTheWeatherUITests */,
				76A0BDEC221BEB7C00D340A4 /* Products */,
			);
			sourceTree = "<group>";
		};
		76A0BDEC221BEB7C00D340A4 /* Products */ = {
			isa = PBXGroup;
			children = (
				76A0BDEB221BEB7C00D340A4 /* WhatIsTheWeather.app */,
				76A0BDFF221BEB8400D340A4 /* WhatIsTheWeatherTests.xctest */,
				76A0BE0A221BEB8400D340A4 /* WhatIsTheWeatherUITests.xctest */,
			);
			name = Products;
			sourceTree = "<group>";
		};
		76A0BDED221BEB7C00D340A4 /* WhatIsTheWeather */ = {
			isa = PBXGroup;
			children = (
				76A0BDEE221BEB7C00D340A4 /* AppDelegate.swift */,
				76A0BDF0221BEB7C00D340A4 /* ViewController.swift */,
				76A0BDF2221BEB7C00D340A4 /* Main.storyboard */,
				76A0BDF5221BEB8300D340A4 /* Assets.xcassets */,
				76A0BDF7221BEB8400D340A4 /* LaunchScreen.storyboard */,
				76A0BDFA221BEB8400D340A4 /* Info.plist */,
			);
			path = WhatIsTheWeather;
			sourceTree = "<group>";
		};
		76A0BE02221BEB8400D340A4 /* WhatIsTheWeatherTests */ = {
			isa = PBXGroup;
			children = (
				76A0BE03221BEB8400D340A4 /* WhatIsTheWeatherTests.swift */,
				76A0BE05221BEB8400D340A4 /* Info.plist */,
			);
			path = WhatIsTheWeatherTests;
			sourceTree = "<group>";
		};
		76A0BE0D221BEB8400D340A4 /* WhatIsTheWeatherUITests */ = {
			isa = PBXGroup;
			children = (
				76A0BE0E221BEB8400D340A4 /* WhatIsTheWeatherUITests.swift */,
				76A0BE10221BEB8400D340A4 /* Info.plist */,
			);
			path = WhatIsTheWeatherUITests;
			sourceTree = "<group>";
		};
/* End PBXGroup section */

/* Begin PBXNativeTarget section */
		76A0BDEA221BEB7C00D340A4 /* WhatIsTheWeather */ = {
			isa = PBXNativeTarget;
			buildConfigurationList = 76A0BE13221BEB8400D340A4 /* Build configuration list for PBXNativeTarget "WhatIsTheWeather" */;
			buildPhases = (
				76A0BDE7221BEB7C00D340A4 /* Sources */,
				76A0BDE8221BEB7C00D340A4 /* Frameworks */,
				76A0BDE9221BEB7C00D340A4 /* Resources */,
			);
			buildRules = (
			);
			dependencies = (
			);
			name = WhatIsTheWeather;
			productName = WhatIsTheWeather;
			productReference = 76A0BDEB221BEB7C00D340A4 /* WhatIsTheWeather.app */;
			productType = "com.apple.product-type.application";
		};
		76A0BDFE221BEB8400D340A4 /* WhatIsTheWeatherTests */ = {
			isa = PBXNativeTarget;
			buildConfigurationList = 76A0BE16221BEB8400D340A4 /* Build configuration list for PBXNativeTarget "WhatIsTheWeatherTests" */;
			buildPhases = (
				76A0BDFB221BEB8400D340A4 /* Sources */,
				76A0BDFC221BEB8400D340A4 /* Frameworks */,
				76A0BDFD221BEB8400D340A4 /* Resources */,
			);
			buildRules = (
			);
			dependencies = (
				76A0BE01221BEB8400D340A4 /* PBXTargetDependency */,
			);
			name = WhatIsTheWeatherTests;
			productName = WhatIsTheWeatherTests;
			productReference = 76A0BDFF221BEB8400D340A4 /* WhatIsTheWeatherTests.xctest */;
			productType = "com.apple.product-type.bundle.unit-test";
		};
		76A0BE09221BEB8400D340A4 /* WhatIsTheWeatherUITests */ = {
			isa = PBXNativeTarget;
			buildConfigurationList = 76A0BE19221BEB8400D340A4 /* Build configuration list for PBXNativeTarget "WhatIsTheWeatherUITests" */;
			buildPhases = (
				76A0BE06221BEB8400D340A4 /* Sources */,
				76A0BE07221BEB8400D340A4 /* Frameworks */,
				76A0BE08221BEB8400D340A4 /* Resources */,
			);
			buildRules = (
			);
			dependencies = (
				76A0BE0C221BEB8400D340A4 /* PBXTargetDependency */,
			);
			name = WhatIsTheWeatherUITests;
			productName = WhatIsTheWeatherUITests;
			productReference = 76A0BE0A221BEB8400D340A4 /* WhatIsTheWeatherUITests.xctest */;
			productType = "com.apple.product-type.bundle.ui-testing";
		};
/* End PBXNativeTarget section */

/* Begin PBXProject section */
		76A0BDE3221BEB7C00D340A4 /* Project object */ = {
			isa = PBXProject;
			attributes = {
				LastSwiftUpdateCheck = 1010;
				LastUpgradeCheck = 1010;
				ORGANIZATIONNAME = "Gladston Joseph";
				TargetAttributes = {
					76A0BDEA221BEB7C00D340A4 = {
						CreatedOnToolsVersion = 10.1;
					};
					76A0BDFE221BEB8400D340A4 = {
						CreatedOnToolsVersion = 10.1;
						TestTargetID = 76A0BDEA221BEB7C00D340A4;
					};
					76A0BE09221BEB8400D340A4 = {
						CreatedOnToolsVersion = 10.1;
						TestTargetID = 76A0BDEA221BEB7C00D340A4;
					};
				};
			};
			buildConfigurationList = 76A0BDE6221BEB7C00D340A4 /* Build configuration list for PBXProject "WhatIsTheWeather" */;
			compatibilityVersion = "Xcode 9.3";
			developmentRegion = en;
			hasScannedForEncodings = 0;
			knownRegions = (
				en,
				Base,
			);
			mainGroup = 76A0BDE2221BEB7C00D340A4;
			productRefGroup = 76A0BDEC221BEB7C00D340A4 /* Products */;
			projectDirPath = "";
			projectRoot = "";
			targets = (
				76A0BDEA221BEB7C00D340A4 /* WhatIsTheWeather */,
				76A0BDFE221BEB8400D340A4 /* WhatIsTheWeatherTests */,
				76A0BE09221BEB8400D340A4 /* WhatIsTheWeatherUITests */,
			);
		};
/* End PBXProject section */

/* Begin PBXResourcesBuildPhase section */
		76A0BDE9221BEB7C00D340A4 /* Resources */ = {
			isa = PBXResourcesBuildPhase;
			buildActionMask = 2147483647;
			files = (
				76A0BDF9221BEB8400D340A4 /* LaunchScreen.storyboard in Resources */,
				76A0BDF6221BEB8300D340A4 /* Assets.xcassets in Resources */,
				76A0BDF4221BEB7C00D340A4 /* Main.storyboard in Resources */,
			);
			runOnlyForDeploymentPostprocessing = 0;
		};
		76A0BDFD221BEB8400D340A4 /* Resources */ = {
			isa = PBXResourcesBuildPhase;
			buildActionMask = 2147483647;
			files = (
			);
			runOnlyForDeploymentPostprocessing = 0;
		};
		76A0BE08221BEB8400D340A4 /* Resources */ = {
			isa = PBXResourcesBuildPhase;
			buildActionMask = 2147483647;
			files = (
			);
			runOnlyForDeploymentPostprocessing = 0;
		};
/* End PBXResourcesBuildPhase section */

/* Begin PBXSourcesBuildPhase section */
		76A0BDE7221BEB7C00D340A4 /* Sources */ = {
			isa = PBXSourcesBuildPhase;
			buildActionMask = 2147483647;
			files = (
				76A0BDF1221BEB7C00D340A4 /* ViewController.swift in Sources */,
				76A0BDEF221BEB7C00D340A4 /* AppDelegate.swift in Sources */,
			);
			runOnlyForDeploymentPostprocessing = 0;
		};
		76A0BDFB221BEB8400D340A4 /* Sources */ = {
			isa = PBXSourcesBuildPhase;
			buildActionMask = 2147483647;
			files = (
				76A0BE04221BEB8400D340A4 /* WhatIsTheWeatherTests.swift in Sources */,
			);
			runOnlyForDeploymentPostprocessing = 0;
		};
		76A0BE06221BEB8400D340A4 /* Sources */ = {
			isa = PBXSourcesBuildPhase;
			buildActionMask = 2147483647;
			files = (
				76A0BE0F221BEB8400D340A4 /* WhatIsTheWeatherUITests.swift in Sources */,
			);
			runOnlyForDeploymentPostprocessing = 0;
		};
/* End PBXSourcesBuildPhase section */

/* Begin PBXTargetDependency section */
		76A0BE01221BEB8400D340A4 /* PBXTargetDependency */ = {
			isa = PBXTargetDependency;
			target = 76A0BDEA221BEB7C00D340A4 /* WhatIsTheWeather */;
			targetProxy = 76A0BE00221BEB8400D340A4 /* PBXContainerItemProxy */;
		};
		76A0BE0C221BEB8400D340A4 /* PBXTargetDependency */ = {
			isa = PBXTargetDependency;
			target = 76A0BDEA221BEB7C00D340A4 /* WhatIsTheWeather */;
			targetProxy = 76A0BE0B221BEB8400D340A4 /* PBXContainerItemProxy */;
		};
/* End PBXTargetDependency section */

/* Begin PBXVariantGroup section */
		76A0BDF2221BEB7C00D340A4 /* Main.storyboard */ = {
			isa = PBXVariantGroup;
			children = (
				76A0BDF3221BEB7C00D340A4 /* Base */,
			);
			name = Main.storyboard;
			sourceTree = "<group>";
		};
		76A0BDF7221BEB8400D340A4 /* LaunchScreen.storyboard */ = {
			isa = PBXVariantGroup;
			children = (
				76A0BDF8221BEB8400D340A4 /* Base */,
			);
			name = LaunchScreen.storyboard;
			sourceTree = "<group>";
		};
/* End PBXVariantGroup section */

/* Begin XCBuildConfiguration section */
		76A0BE11221BEB8400D340A4 /* Debug */ = {
			isa = XCBuildConfiguration;
			buildSettings = {
				ALWAYS_SEARCH_USER_PATHS = NO;
				CLANG_ANALYZER_NONNULL = YES;
				CLANG_ANALYZER_NUMBER_OBJECT_CONVERSION = YES_AGGRESSIVE;
				CLANG_CXX_LANGUAGE_STANDARD = "gnu++14";
				CLANG_CXX_LIBRARY = "libc++";
				CLANG_ENABLE_MODULES = YES;
				CLANG_ENABLE_OBJC_ARC = YES;
				CLANG_ENABLE_OBJC_WEAK = YES;
				CLANG_WARN_BLOCK_CAPTURE_AUTORELEASING = YES;
				CLANG_WARN_BOOL_CONVERSION = YES;
				CLANG_WARN_COMMA = YES;
				CLANG_WARN_CONSTANT_CONVERSION = YES;
				CLANG_WARN_DEPRECATED_OBJC_IMPLEMENTATIONS = YES;
				CLANG_WARN_DIRECT_OBJC_ISA_USAGE = YES_ERROR;
				CLANG_WARN_DOCUMENTATION_COMMENTS = YES;
				CLANG_WARN_EMPTY_BODY = YES;
				CLANG_WARN_ENUM_CONVERSION = YES;
				CLANG_WARN_INFINITE_RECURSION = YES;
				CLANG_WARN_INT_CONVERSION = YES;
				CLANG_WARN_NON_LITERAL_NULL_CONVERSION = YES;
				CLANG_WARN_OBJC_IMPLICIT_RETAIN_SELF = YES;
				CLANG_WARN_OBJC_LITERAL_CONVERSION = YES;
				CLANG_WARN_OBJC_ROOT_CLASS = YES_ERROR;
				CLANG_WARN_RANGE_LOOP_ANALYSIS = YES;
				CLANG_WARN_STRICT_PROTOTYPES = YES;
				CLANG_WARN_SUSPICIOUS_MOVE = YES;
				CLANG_WARN_UNGUARDED_AVAILABILITY = YES_AGGRESSIVE;
				CLANG_WARN_UNREACHABLE_CODE = YES;
				CLANG_WARN__DUPLICATE_METHOD_MATCH = YES;
				CODE_SIGN_IDENTITY = "iPhone Developer";
				COPY_PHASE_STRIP = NO;
				DEBUG_INFORMATION_FORMAT = dwarf;
				ENABLE_STRICT_OBJC_MSGSEND = YES;
				ENABLE_TESTABILITY = YES;
				GCC_C_LANGUAGE_STANDARD = gnu11;
				GCC_DYNAMIC_NO_PIC = NO;
				GCC_NO_COMMON_BLOCKS = YES;
				GCC_OPTIMIZATION_LEVEL = 0;
				GCC_PREPROCESSOR_DEFINITIONS = (
					"DEBUG=1",
					"$(inherited)",
				);
				GCC_WARN_64_TO_32_BIT_CONVERSION = YES;
				GCC_WARN_ABOUT_RETURN_TYPE = YES_ERROR;
				GCC_WARN_UNDECLARED_SELECTOR = YES;
				GCC_WARN_UNINITIALIZED_AUTOS = YES_AGGRESSIVE;
				GCC_WARN_UNUSED_FUNCTION = YES;
				GCC_WARN_UNUSED_VARIABLE = YES;
				IPHONEOS_DEPLOYMENT_TARGET = 12.1;
				MTL_ENABLE_DEBUG_INFO = INCLUDE_SOURCE;
				MTL_FAST_MATH = YES;
				ONLY_ACTIVE_ARCH = YES;
				SDKROOT = iphoneos;
				SWIFT_ACTIVE_COMPILATION_CONDITIONS = DEBUG;
				SWIFT_OPTIMIZATION_LEVEL = "-Onone";
			};
			name = Debug;
		};
		76A0BE12221BEB8400D340A4 /* Release */ = {
			isa = XCBuildConfiguration;
			buildSettings = {
				ALWAYS_SEARCH_USER_PATHS = NO;
				CLANG_ANALYZER_NONNULL = YES;
				CLANG_ANALYZER_NUMBER_OBJECT_CONVERSION = YES_AGGRESSIVE;
				CLANG_CXX_LANGUAGE_STANDARD = "gnu++14";
				CLANG_CXX_LIBRARY = "libc++";
				CLANG_ENABLE_MODULES = YES;
				CLANG_ENABLE_OBJC_ARC = YES;
				CLANG_ENABLE_OBJC_WEAK = YES;
				CLANG_WARN_BLOCK_CAPTURE_AUTORELEASING = YES;
				CLANG_WARN_BOOL_CONVERSION = YES;
				CLANG_WARN_COMMA = YES;
				CLANG_WARN_CONSTANT_CONVERSION = YES;
				CLANG_WARN_DEPRECATED_OBJC_IMPLEMENTATIONS = YES;
				CLANG_WARN_DIRECT_OBJC_ISA_USAGE = YES_ERROR;
				CLANG_WARN_DOCUMENTATION_COMMENTS = YES;
				CLANG_WARN_EMPTY_BODY = YES;
				CLANG_WARN_ENUM_CONVERSION = YES;
				CLANG_WARN_INFINITE_RECURSION = YES;
				CLANG_WARN_INT_CONVERSION = YES;
				CLANG_WARN_NON_LITERAL_NULL_CONVERSION = YES;
				CLANG_WARN_OBJC_IMPLICIT_RETAIN_SELF = YES;
				CLANG_WARN_OBJC_LITERAL_CONVERSION = YES;
				CLANG_WARN_OBJC_ROOT_CLASS = YES_ERROR;
				CLANG_WARN_RANGE_LOOP_ANALYSIS = YES;
				CLANG_WARN_STRICT_PROTOTYPES = YES;
				CLANG_WARN_SUSPICIOUS_MOVE = YES;
				CLANG_WARN_UNGUARDED_AVAILABILITY = YES_AGGRESSIVE;
				CLANG_WARN_UNREACHABLE_CODE = YES;
				CLANG_WARN__DUPLICATE_METHOD_MATCH = YES;
				CODE_SIGN_IDENTITY = "iPhone Developer";
				COPY_PHASE_STRIP = NO;
				DEBUG_INFORMATION_FORMAT = "dwarf-with-dsym";
				ENABLE_NS_ASSERTIONS = NO;
				ENABLE_STRICT_OBJC_MSGSEND = YES;
				GCC_C_LANGUAGE_STANDARD = gnu11;
				GCC_NO_COMMON_BLOCKS = YES;
				GCC_WARN_64_TO_32_BIT_CONVERSION = YES;
				GCC_WARN_ABOUT_RETURN_TYPE = YES_ERROR;
				GCC_WARN_UNDECLARED_SELECTOR = YES;
				GCC_WARN_UNINITIALIZED_AUTOS = YES_AGGRESSIVE;
				GCC_WARN_UNUSED_FUNCTION = YES;
				GCC_WARN_UNUSED_VARIABLE = YES;
				IPHONEOS_DEPLOYMENT_TARGET = 12.1;
				MTL_ENABLE_DEBUG_INFO = NO;
				MTL_FAST_MATH = YES;
				SDKROOT = iphoneos;
				SWIFT_COMPILATION_MODE = wholemodule;
				SWIFT_OPTIMIZATION_LEVEL = "-O";
				VALIDATE_PRODUCT = YES;
			};
			name = Release;
		};
		76A0BE14221BEB8400D340A4 /* Debug */ = {
			isa = XCBuildConfiguration;
			buildSettings = {
				ASSETCATALOG_COMPILER_APPICON_NAME = AppIcon;
				CODE_SIGN_STYLE = Automatic;
				DEVELOPMENT_TEAM = 55UNRMT6U5;
				INFOPLIST_FILE = WhatIsTheWeather/Info.plist;
				LD_RUNPATH_SEARCH_PATHS = (
					"$(inherited)",
					"@executable_path/Frameworks",
				);
				PRODUCT_BUNDLE_IDENTIFIER = com.Gladston.WhatIsTheWeather;
				PRODUCT_NAME = "$(TARGET_NAME)";
				SWIFT_VERSION = 4.2;
				TARGETED_DEVICE_FAMILY = "1,2";
			};
			name = Debug;
		};
		76A0BE15221BEB8400D340A4 /* Release */ = {
			isa = XCBuildConfiguration;
			buildSettings = {
				ASSETCATALOG_COMPILER_APPICON_NAME = AppIcon;
				CODE_SIGN_STYLE = Automatic;
				DEVELOPMENT_TEAM = 55UNRMT6U5;
				INFOPLIST_FILE = WhatIsTheWeather/Info.plist;
				LD_RUNPATH_SEARCH_PATHS = (
					"$(inherited)",
					"@executable_path/Frameworks",
				);
				PRODUCT_BUNDLE_IDENTIFIER = com.Gladston.WhatIsTheWeather;
				PRODUCT_NAME = "$(TARGET_NAME)";
				SWIFT_VERSION = 4.2;
				TARGETED_DEVICE_FAMILY = "1,2";
			};
			name = Release;
		};
		76A0BE17221BEB8400D340A4 /* Debug */ = {
			isa = XCBuildConfiguration;
			buildSettings = {
				ALWAYS_EMBED_SWIFT_STANDARD_LIBRARIES = YES;
				BUNDLE_LOADER = "$(TEST_HOST)";
				CODE_SIGN_STYLE = Automatic;
				DEVELOPMENT_TEAM = 55UNRMT6U5;
				INFOPLIST_FILE = WhatIsTheWeatherTests/Info.plist;
				LD_RUNPATH_SEARCH_PATHS = (
					"$(inherited)",
					"@executable_path/Frameworks",
					"@loader_path/Frameworks",
				);
				PRODUCT_BUNDLE_IDENTIFIER = com.Gladston.WhatIsTheWeatherTests;
				PRODUCT_NAME = "$(TARGET_NAME)";
				SWIFT_VERSION = 4.2;
				TARGETED_DEVICE_FAMILY = "1,2";
				TEST_HOST = "$(BUILT_PRODUCTS_DIR)/WhatIsTheWeather.app/WhatIsTheWeather";
			};
			name = Debug;
		};
		76A0BE18221BEB8400D340A4 /* Release */ = {
			isa = XCBuildConfiguration;
			buildSettings = {
				ALWAYS_EMBED_SWIFT_STANDARD_LIBRARIES = YES;
				BUNDLE_LOADER = "$(TEST_HOST)";
				CODE_SIGN_STYLE = Automatic;
				DEVELOPMENT_TEAM = 55UNRMT6U5;
				INFOPLIST_FILE = WhatIsTheWeatherTests/Info.plist;
				LD_RUNPATH_SEARCH_PATHS = (
					"$(inherited)",
					"@executable_path/Frameworks",
					"@loader_path/Frameworks",
				);
				PRODUCT_BUNDLE_IDENTIFIER = com.Gladston.WhatIsTheWeatherTests;
				PRODUCT_NAME = "$(TARGET_NAME)";
				SWIFT_VERSION = 4.2;
				TARGETED_DEVICE_FAMILY = "1,2";
				TEST_HOST = "$(BUILT_PRODUCTS_DIR)/WhatIsTheWeather.app/WhatIsTheWeather";
			};
			name = Release;
		};
		76A0BE1A221BEB8400D340A4 /* Debug */ = {
			isa = XCBuildConfiguration;
			buildSettings = {
				ALWAYS_EMBED_SWIFT_STANDARD_LIBRARIES = YES;
				CODE_SIGN_STYLE = Automatic;
				DEVELOPMENT_TEAM = 55UNRMT6U5;
				INFOPLIST_FILE = WhatIsTheWeatherUITests/Info.plist;
				LD_RUNPATH_SEARCH_PATHS = (
					"$(inherited)",
					"@executable_path/Frameworks",
					"@loader_path/Frameworks",
				);
				PRODUCT_BUNDLE_IDENTIFIER = com.Gladston.WhatIsTheWeatherUITests;
				PRODUCT_NAME = "$(TARGET_NAME)";
				SWIFT_VERSION = 4.2;
				TARGETED_DEVICE_FAMILY = "1,2";
				TEST_TARGET_NAME = WhatIsTheWeather;
			};
			name = Debug;
		};
		76A0BE1B221BEB8400D340A4 /* Release */ = {
			isa = XCBuildConfiguration;
			buildSettings = {
				ALWAYS_EMBED_SWIFT_STANDARD_LIBRARIES = YES;
				CODE_SIGN_STYLE = Automatic;
				DEVELOPMENT_TEAM = 55UNRMT6U5;
				INFOPLIST_FILE = WhatIsTheWeatherUITests/Info.plist;
				LD_RUNPATH_SEARCH_PATHS = (
					"$(inherited)",
					"@executable_path/Frameworks",
					"@loader_path/Frameworks",
				);
				PRODUCT_BUNDLE_IDENTIFIER = com.Gladston.WhatIsTheWeatherUITests;
				PRODUCT_NAME = "$(TARGET_NAME)";
				SWIFT_VERSION = 4.2;
				TARGETED_DEVICE_FAMILY = "1,2";
				TEST_TARGET_NAME = WhatIsTheWeather;
			};
			name = Release;
		};
/* End XCBuildConfiguration section */

/* Begin XCConfigurationList section */
		76A0BDE6221BEB7C00D340A4 /* Build configuration list for PBXProject "WhatIsTheWeather" */ = {
			isa = XCConfigurationList;
			buildConfigurations = (
				76A0BE11221BEB8400D340A4 /* Debug */,
				76A0BE12221BEB8400D340A4 /* Release */,
			);
			defaultConfigurationIsVisible = 0;
			defaultConfigurationName = Release;
		};
		76A0BE13221BEB8400D340A4 /* Build configuration list for PBXNativeTarget "WhatIsTheWeather" */ = {
			isa = XCConfigurationList;
			buildConfigurations = (
				76A0BE14221BEB8400D340A4 /* Debug */,
				76A0BE15221BEB8400D340A4 /* Release */,
			);
			defaultConfigurationIsVisible = 0;
			defaultConfigurationName = Release;
		};
		76A0BE16221BEB8400D340A4 /* Build configuration list for PBXNativeTarget "WhatIsTheWeatherTests" */ = {
			isa = XCConfigurationList;
			buildConfigurations = (
				76A0BE17221BEB8400D340A4 /* Debug */,
				76A0BE18221BEB8400D340A4 /* Release */,
			);
			defaultConfigurationIsVisible = 0;
			defaultConfigurationName = Release;
		};
		76A0BE19221BEB8400D340A4 /* Build configuration list for PBXNativeTarget "WhatIsTheWeatherUITests" */ = {
			isa = XCConfigurationList;
			buildConfigurations = (
				76A0BE1A221BEB8400D340A4 /* Debug */,
				76A0BE1B221BEB8400D340A4 /* Release */,
			);
			defaultConfigurationIsVisible = 0;
			defaultConfigurationName = Release;
		};
/* End XCConfigurationList section */
	};
	rootObject = 76A0BDE3221BEB7C00D340A4 /* Project object */;
}
